<?xml version="1.0" encoding="utf-8"?>
<Project ToolsVersion="4.0" xmlns="http://schemas.microsoft.com/developer/msbuild/2003">
  <ItemGroup>
    <Filter Include="Platform">
      <UniqueIdentifier>{2AC788B4-1694-E3BF-3FAD-D1672BD9184E}</UniqueIdentifier>
    </Filter>
    <Filter Include="Platform\Windows">
      <UniqueIdentifier>{64FBD71A-50F4-F66C-7926-DCF1657ED678}</UniqueIdentifier>
    </Filter>
    <Filter Include="nGene">
      <UniqueIdentifier>{B232EE0F-1E47-16C1-E7C8-B920539C12F2}</UniqueIdentifier>
    </Filter>
    <Filter Include="nGene\Events">
      <UniqueIdentifier>{56A2FD04-4205-8DA9-EB8A-C55FD7CC582C}</UniqueIdentifier>
    </Filter>
  </ItemGroup>
  <ItemGroup>
    <ClInclude Include="src\Platform\Windows\WinWindow.h">
      <Filter>Platform\Windows</Filter>
    </ClInclude>
    <ClInclude Include="src\nGene.h" />
    <ClInclude Include="src\nGene\Application.h">
      <Filter>nGene</Filter>
    </ClInclude>
    <ClInclude Include="src\nGene\Core.h">
      <Filter>nGene</Filter>
    </ClInclude>
    <ClInclude Include="src\nGene\Entry.h">
      <Filter>nGene</Filter>
    </ClInclude>
    <ClInclude Include="src\nGene\Events\ApplicationEvent.h">
      <Filter>nGene\Events</Filter>
    </ClInclude>
    <ClInclude Include="src\nGene\Events\Event.h">
      <Filter>nGene\Events</Filter>
    </ClInclude>
    <ClInclude Include="src\nGene\Events\KeyEvent.h">
      <Filter>nGene\Events</Filter>
    </ClInclude>
    <ClInclude Include="src\nGene\Events\MouseEvent.h">
      <Filter>nGene\Events</Filter>
    </ClInclude>
    <ClInclude Include="src\nGene\Log.h">
      <Filter>nGene</Filter>
    </ClInclude>
    <ClInclude Include="src\nGene\Window.h">
      <Filter>nGene</Filter>
    </ClInclude>
    <ClInclude Include="src\ngpch.h" />
  </ItemGroup>
  <ItemGroup>
    <ClCompile Include="src\Platform\Windows\WinWindow.cpp">
      <Filter>Platform\Windows</Filter>
    </ClCompile>
    <ClCompile Include="src\nGene\Application.cpp">
      <Filter>nGene</Filter>
    </ClCompile>
    <ClCompile Include="src\nGene\Log.cpp">
      <Filter>nGene</Filter>
    </ClCompile>
    <ClCompile Include="src\ngpch.cpp" />
  </ItemGroup>
</Project>